
Microsoft Visual Studio Solution File, Format Version 12.00
# Visual Studio Version 17
VisualStudioVersion = 17.7.34031.279
MinimumVisualStudioVersion = 10.0.40219.1
Project("{9A19103F-16F7-4668-BE54-9A1E7A4F7556}") = "ASE_Assingment", "ASE_Assingment\ASE_Assingment.csproj", "{83A0ED46-E843-4A50-8A99-9871B759AE7C}"
EndProject
Project("{FAE04EC0-301F-11D3-BF4B-00C04F79EFBC}") = "Application_1", "Applicatiom 1\Application_1.csproj", "{37EA8187-31D4-4463-864F-9AE23FF1C120}"
EndProject
Project("{FAE04EC0-301F-11D3-BF4B-00C04F79EFBC}") = "UnitTestProject1", "UnitTestProject1\UnitTestProject1.csproj", "{11BFEB3A-FDC5-4735-92E7-3E21045B6D71}"
EndProject
Project("{FAE04EC0-301F-11D3-BF4B-00C04F79EFBC}") = "ASE_Assingment_Unittest", "ASE_Assingment_Unittest\ASE_Assingment_Unittest.csproj", "{C59A8015-34AA-47FA-9113-F67753EAD5B0}"
EndProject
Project("{FAE04EC0-301F-11D3-BF4B-00C04F79EFBC}") = "WpfApp1", "WpfApp1\WpfApp1.csproj", "{252627B8-E19A-40BC-8202-5FBD6028C093}"
EndProject
Project("{FAE04EC0-301F-11D3-BF4B-00C04F79EFBC}") = "Application_2", "Application_2\Application_2.csproj", "{8EF6C0C1-0660-4BD6-8F81-514E1BC2B986}"
EndProject
Project("{FAE04EC0-301F-11D3-BF4B-00C04F79EFBC}") = "Application2", "Application2\Application2.csproj", "{AD075345-5AD0-43CF-900D-4A0C2FB33F6B}"
EndProject
Project("{FAE04EC0-301F-11D3-BF4B-00C04F79EFBC}") = "Reassessment_Part_2", "Reassessment_Part_2\Reassessment_Part_2.csproj", "{3BFD3A5A-BBB4-4521-9403-CFA68C6BFB47}"
EndProject
Project("{FAE04EC0-301F-11D3-BF4B-00C04F79EFBC}") = "WpfApp_Reassesent", "WpfApp_Reassesent\WpfApp_Reassesent.csproj", "{E7929C5D-96B1-46BE-A1F4-FB3522FB95EE}"
EndProject
Global
	GlobalSection(SolutionConfigurationPlatforms) = preSolution
		Debug|Any CPU = Debug|Any CPU
		Release|Any CPU = Release|Any CPU
	EndGlobalSection
	GlobalSection(ProjectConfigurationPlatforms) = postSolution
		{83A0ED46-E843-4A50-8A99-9871B759AE7C}.Debug|Any CPU.ActiveCfg = Debug|Any CPU
		{83A0ED46-E843-4A50-8A99-9871B759AE7C}.Debug|Any CPU.Build.0 = Debug|Any CPU
		{83A0ED46-E843-4A50-8A99-9871B759AE7C}.Release|Any CPU.ActiveCfg = Release|Any CPU
		{83A0ED46-E843-4A50-8A99-9871B759AE7C}.Release|Any CPU.Build.0 = Release|Any CPU
		{37EA8187-31D4-4463-864F-9AE23FF1C120}.Debug|Any CPU.ActiveCfg = Debug|Any CPU
		{37EA8187-31D4-4463-864F-9AE23FF1C120}.Debug|Any CPU.Build.0 = Debug|Any CPU
		{37EA8187-31D4-4463-864F-9AE23FF1C120}.Release|Any CPU.ActiveCfg = Release|Any CPU
		{37EA8187-31D4-4463-864F-9AE23FF1C120}.Release|Any CPU.Build.0 = Release|Any CPU
		{11BFEB3A-FDC5-4735-92E7-3E21045B6D71}.Debug|Any CPU.ActiveCfg = Debug|Any CPU
		{11BFEB3A-FDC5-4735-92E7-3E21045B6D71}.Debug|Any CPU.Build.0 = Debug|Any CPU
		{11BFEB3A-FDC5-4735-92E7-3E21045B6D71}.Release|Any CPU.ActiveCfg = Release|Any CPU
		{11BFEB3A-FDC5-4735-92E7-3E21045B6D71}.Release|Any CPU.Build.0 = Release|Any CPU
		{C59A8015-34AA-47FA-9113-F67753EAD5B0}.Debug|Any CPU.ActiveCfg = Debug|Any CPU
		{C59A8015-34AA-47FA-9113-F67753EAD5B0}.Debug|Any CPU.Build.0 = Debug|Any CPU
		{C59A8015-34AA-47FA-9113-F67753EAD5B0}.Release|Any CPU.ActiveCfg = Release|Any CPU
		{C59A8015-34AA-47FA-9113-F67753EAD5B0}.Release|Any CPU.Build.0 = Release|Any CPU
		{252627B8-E19A-40BC-8202-5FBD6028C093}.Debug|Any CPU.ActiveCfg = Debug|Any CPU
		{252627B8-E19A-40BC-8202-5FBD6028C093}.Debug|Any CPU.Build.0 = Debug|Any CPU
		{252627B8-E19A-40BC-8202-5FBD6028C093}.Release|Any CPU.ActiveCfg = Release|Any CPU
		{252627B8-E19A-40BC-8202-5FBD6028C093}.Release|Any CPU.Build.0 = Release|Any CPU
		{8EF6C0C1-0660-4BD6-8F81-514E1BC2B986}.Debug|Any CPU.ActiveCfg = Debug|Any CPU
		{8EF6C0C1-0660-4BD6-8F81-514E1BC2B986}.Debug|Any CPU.Build.0 = Debug|Any CPU
		{8EF6C0C1-0660-4BD6-8F81-514E1BC2B986}.Release|Any CPU.ActiveCfg = Release|Any CPU
		{8EF6C0C1-0660-4BD6-8F81-514E1BC2B986}.Release|Any CPU.Build.0 = Release|Any CPU
		{AD075345-5AD0-43CF-900D-4A0C2FB33F6B}.Debug|Any CPU.ActiveCfg = Debug|Any CPU
		{AD075345-5AD0-43CF-900D-4A0C2FB33F6B}.Debug|Any CPU.Build.0 = Debug|Any CPU
		{AD075345-5AD0-43CF-900D-4A0C2FB33F6B}.Release|Any CPU.ActiveCfg = Release|Any CPU
		{AD075345-5AD0-43CF-900D-4A0C2FB33F6B}.Release|Any CPU.Build.0 = Release|Any CPU
		{3BFD3A5A-BBB4-4521-9403-CFA68C6BFB47}.Debug|Any CPU.ActiveCfg = Debug|Any CPU
		{3BFD3A5A-BBB4-4521-9403-CFA68C6BFB47}.Debug|Any CPU.Build.0 = Debug|Any CPU
		{3BFD3A5A-BBB4-4521-9403-CFA68C6BFB47}.Release|Any CPU.ActiveCfg = Release|Any CPU
		{3BFD3A5A-BBB4-4521-9403-CFA68C6BFB47}.Release|Any CPU.Build.0 = Release|Any CPU
		{E7929C5D-96B1-46BE-A1F4-FB3522FB95EE}.Debug|Any CPU.ActiveCfg = Debug|Any CPU
		{E7929C5D-96B1-46BE-A1F4-FB3522FB95EE}.Debug|Any CPU.Build.0 = Debug|Any CPU
		{E7929C5D-96B1-46BE-A1F4-FB3522FB95EE}.Release|Any CPU.ActiveCfg = Release|Any CPU
		{E7929C5D-96B1-46BE-A1F4-FB3522FB95EE}.Release|Any CPU.Build.0 = Release|Any CPU
	EndGlobalSection
	GlobalSection(SolutionProperties) = preSolution
		HideSolutionNode = FALSE
	EndGlobalSection
	GlobalSection(ExtensibilityGlobals) = postSolution
		SolutionGuid = {0815F50A-4765-4ECF-8571-457446A740B8}
	EndGlobalSection
EndGlobal
